
Microsoft Visual Studio Solution File, Format Version 12.00
# Visual Studio Version 17
VisualStudioVersion = 17.5.33424.131
MinimumVisualStudioVersion = 10.0.40219.1
Project("{FAE04EC0-301F-11D3-BF4B-00C04F79EFBC}") = "AdmissionProcess", "AdmissionProcess.csproj", "{89145AB8-2B35-47D3-B94E-5F4E1B39CC6C}"
EndProject
Global
	GlobalSection(SolutionConfigurationPlatforms) = preSolution
		Debug|Any CPU = Debug|Any CPU
		Release|Any CPU = Release|Any CPU
	EndGlobalSection
	GlobalSection(ProjectConfigurationPlatforms) = postSolution
		{89145AB8-2B35-47D3-B94E-5F4E1B39CC6C}.Debug|Any CPU.ActiveCfg = Debug|Any CPU
		{89145AB8-2B35-47D3-B94E-5F4E1B39CC6C}.Debug|Any CPU.Build.0 = Debug|Any CPU
		{89145AB8-2B35-47D3-B94E-5F4E1B39CC6C}.Release|Any CPU.ActiveCfg = Release|Any CPU
		{89145AB8-2B35-47D3-B94E-5F4E1B39CC6C}.Release|Any CPU.Build.0 = Release|Any CPU
	EndGlobalSection
	GlobalSection(SolutionProperties) = preSolution
		HideSolutionNode = FALSE
	EndGlobalSection
	GlobalSection(ExtensibilityGlobals) = postSolution
		SolutionGuid = {DB2BA008-E9F4-41A7-8A33-A305D8288D45}
	EndGlobalSection
EndGlobal
